// !$*UTF8*$!
{
	archiveVersion = 1;
	classes = {
	};
	objectVersion = 46;
	objects = {

/* Begin PBXBuildFile section */
		D2AA3BB61AC95B320020F803 /* AppDelegate.m in Sources */ = {isa = PBXBuildFile; fileRef = D2AA3BB51AC95B320020F803 /* AppDelegate.m */; };
		D2AA3BB81AC95B320020F803 /* main.m in Sources */ = {isa = PBXBuildFile; fileRef = D2AA3BB71AC95B320020F803 /* main.m */; };
		D2AA3BBA1AC95B320020F803 /* Images.xcassets in Resources */ = {isa = PBXBuildFile; fileRef = D2AA3BB91AC95B320020F803 /* Images.xcassets */; };
		D2AA3BBD1AC95B320020F803 /* MainMenu.xib in Resources */ = {isa = PBXBuildFile; fileRef = D2AA3BBB1AC95B320020F803 /* MainMenu.xib */; };
		D2AA3BC91AC95B320020F803 /* CLColorPicker_exampleTests.m in Sources */ = {isa = PBXBuildFile; fileRef = D2AA3BC81AC95B320020F803 /* CLColorPicker_exampleTests.m */; };
		D2AA3BDC1AC95B6C0020F803 /* CLColorControllerPopove.m in Sources */ = {isa = PBXBuildFile; fileRef = D2AA3BD41AC95B6C0020F803 /* CLColorControllerPopove.m */; };
		D2AA3BDD1AC95B6C0020F803 /* CLColorControllerPopove.xib in Resources */ = {isa = PBXBuildFile; fileRef = D2AA3BD51AC95B6C0020F803 /* CLColorControllerPopove.xib */; };
		D2AA3BDE1AC95B6C0020F803 /* CLColorPicker.m in Sources */ = {isa = PBXBuildFile; fileRef = D2AA3BD71AC95B6C0020F803 /* CLColorPicker.m */; };
		D2AA3BDF1AC95B6C0020F803 /* CLColorPickerSegmentedCell.m in Sources */ = {isa = PBXBuildFile; fileRef = D2AA3BD91AC95B6C0020F803 /* CLColorPickerSegmentedCell.m */; };
		D2AA3BE01AC95B6C0020F803 /* CLColorPickerSegmentedControl.m in Sources */ = {isa = PBXBuildFile; fileRef = D2AA3BDB1AC95B6C0020F803 /* CLColorPickerSegmentedControl.m */; };
		D2AA3BE51AC95B890020F803 /* NSColor+ColorExtensions.m in Sources */ = {isa = PBXBuildFile; fileRef = D2AA3BE21AC95B890020F803 /* NSColor+ColorExtensions.m */; };
/* End PBXBuildFile section */

/* Begin PBXContainerItemProxy section */
		D2AA3BC31AC95B320020F803 /* PBXContainerItemProxy */ = {
			isa = PBXContainerItemProxy;
			containerPortal = D2AA3BA71AC95B320020F803 /* Project object */;
			proxyType = 1;
			remoteGlobalIDString = D2AA3BAE1AC95B320020F803;
			remoteInfo = CLColorPicker_example;
		};
/* End PBXContainerItemProxy section */

/* Begin PBXFileReference section */
		D2AA3BAF1AC95B320020F803 /* CLColorPicker_example.app */ = {isa = PBXFileReference; explicitFileType = wrapper.application; includeInIndex = 0; path = CLColorPicker_example.app; sourceTree = BUILT_PRODUCTS_DIR; };
		D2AA3BB31AC95B320020F803 /* Info.plist */ = {isa = PBXFileReference; lastKnownFileType = text.plist.xml; path = Info.plist; sourceTree = "<group>"; };
		D2AA3BB41AC95B320020F803 /* AppDelegate.h */ = {isa = PBXFileReference; lastKnownFileType = sourcecode.c.h; path = AppDelegate.h; sourceTree = "<group>"; };
		D2AA3BB51AC95B320020F803 /* AppDelegate.m */ = {isa = PBXFileReference; lastKnownFileType = sourcecode.c.objc; path = AppDelegate.m; sourceTree = "<group>"; };
		D2AA3BB71AC95B320020F803 /* main.m */ = {isa = PBXFileReference; lastKnownFileType = sourcecode.c.objc; path = main.m; sourceTree = "<group>"; };
		D2AA3BB91AC95B320020F803 /* Images.xcassets */ = {isa = PBXFileReference; lastKnownFileType = folder.assetcatalog; path = Images.xcassets; sourceTree = "<group>"; };
		D2AA3BBC1AC95B320020F803 /* Base */ = {isa = PBXFileReference; lastKnownFileType = file.xib; name = Base; path = Base.lproj/MainMenu.xib; sourceTree = "<group>"; };
		D2AA3BC21AC95B320020F803 /* CLColorPicker_exampleTests.xctest */ = {isa = PBXFileReference; explicitFileType = wrapper.cfbundle; includeInIndex = 0; path = CLColorPicker_exampleTests.xctest; sourceTree = BUILT_PRODUCTS_DIR; };
		D2AA3BC71AC95B320020F803 /* Info.plist */ = {isa = PBXFileReference; lastKnownFileType = text.plist.xml; path = Info.plist; sourceTree = "<group>"; };
		D2AA3BC81AC95B320020F803 /* CLColorPicker_exampleTests.m */ = {isa = PBXFileReference; lastKnownFileType = sourcecode.c.objc; path = CLColorPicker_exampleTests.m; sourceTree = "<group>"; };
		D2AA3BD31AC95B6C0020F803 /* CLColorControllerPopove.h */ = {isa = PBXFileReference; fileEncoding = 4; lastKnownFileType = sourcecode.c.h; path = CLColorControllerPopove.h; sourceTree = "<group>"; };
		D2AA3BD41AC95B6C0020F803 /* CLColorControllerPopove.m */ = {isa = PBXFileReference; fileEncoding = 4; lastKnownFileType = sourcecode.c.objc; path = CLColorControllerPopove.m; sourceTree = "<group>"; };
		D2AA3BD51AC95B6C0020F803 /* CLColorControllerPopove.xib */ = {isa = PBXFileReference; fileEncoding = 4; lastKnownFileType = file.xib; path = CLColorControllerPopove.xib; sourceTree = "<group>"; };
		D2AA3BD61AC95B6C0020F803 /* CLColorPicker.h */ = {isa = PBXFileReference; fileEncoding = 4; lastKnownFileType = sourcecode.c.h; path = CLColorPicker.h; sourceTree = "<group>"; };
		D2AA3BD71AC95B6C0020F803 /* CLColorPicker.m */ = {isa = PBXFileReference; fileEncoding = 4; lastKnownFileType = sourcecode.c.objc; path = CLColorPicker.m; sourceTree = "<group>"; };
		D2AA3BD81AC95B6C0020F803 /* CLColorPickerSegmentedCell.h */ = {isa = PBXFileReference; fileEncoding = 4; lastKnownFileType = sourcecode.c.h; path = CLColorPickerSegmentedCell.h; sourceTree = "<group>"; };
		D2AA3BD91AC95B6C0020F803 /* CLColorPickerSegmentedCell.m */ = {isa = PBXFileReference; fileEncoding = 4; lastKnownFileType = sourcecode.c.objc; path = CLColorPickerSegmentedCell.m; sourceTree = "<group>"; };
		D2AA3BDA1AC95B6C0020F803 /* CLColorPickerSegmentedControl.h */ = {isa = PBXFileReference; fileEncoding = 4; lastKnownFileType = sourcecode.c.h; path = CLColorPickerSegmentedControl.h; sourceTree = "<group>"; };
		D2AA3BDB1AC95B6C0020F803 /* CLColorPickerSegmentedControl.m */ = {isa = PBXFileReference; fileEncoding = 4; lastKnownFileType = sourcecode.c.objc; path = CLColorPickerSegmentedControl.m; sourceTree = "<group>"; };
		D2AA3BE11AC95B890020F803 /* NSColor+ColorExtensions.h */ = {isa = PBXFileReference; fileEncoding = 4; lastKnownFileType = sourcecode.c.h; path = "NSColor+ColorExtensions.h"; sourceTree = "<group>"; };
		D2AA3BE21AC95B890020F803 /* NSColor+ColorExtensions.m */ = {isa = PBXFileReference; fileEncoding = 4; lastKnownFileType = sourcecode.c.objc; path = "NSColor+ColorExtensions.m"; sourceTree = "<group>"; };
/* End PBXFileReference section */

/* Begin PBXFrameworksBuildPhase section */
		D2AA3BAC1AC95B320020F803 /* Frameworks */ = {
			isa = PBXFrameworksBuildPhase;
			buildActionMask = 2147483647;
			files = (
			);
			runOnlyForDeploymentPostprocessing = 0;
		};
		D2AA3BBF1AC95B320020F803 /* Frameworks */ = {
			isa = PBXFrameworksBuildPhase;
			buildActionMask = 2147483647;
			files = (
			);
			runOnlyForDeploymentPostprocessing = 0;
		};
/* End PBXFrameworksBuildPhase section */

/* Begin PBXGroup section */
		D2AA3BA61AC95B320020F803 = {
			isa = PBXGroup;
			children = (
				D2AA3BB11AC95B320020F803 /* CLColorPicker_example */,
				D2AA3BC51AC95B320020F803 /* CLColorPicker_exampleTests */,
				D2AA3BB01AC95B320020F803 /* Products */,
			);
			sourceTree = "<group>";
		};
		D2AA3BB01AC95B320020F803 /* Products */ = {
			isa = PBXGroup;
			children = (
				D2AA3BAF1AC95B320020F803 /* CLColorPicker_example.app */,
				D2AA3BC21AC95B320020F803 /* CLColorPicker_exampleTests.xctest */,
			);
			name = Products;
			sourceTree = "<group>";
		};
		D2AA3BB11AC95B320020F803 /* CLColorPicker_example */ = {
			isa = PBXGroup;
			children = (
				D2AA3BB41AC95B320020F803 /* AppDelegate.h */,
				D2AA3BB51AC95B320020F803 /* AppDelegate.m */,
				D2AA3BE11AC95B890020F803 /* NSColor+ColorExtensions.h */,
				D2AA3BE21AC95B890020F803 /* NSColor+ColorExtensions.m */,
				D2AA3BB91AC95B320020F803 /* Images.xcassets */,
				D2AA3BBB1AC95B320020F803 /* MainMenu.xib */,
				D2AA3BD21AC95B6C0020F803 /* CLColorPicker */,
				D2AA3BB21AC95B320020F803 /* Supporting Files */,
			);
			path = CLColorPicker_example;
			sourceTree = "<group>";
		};
		D2AA3BB21AC95B320020F803 /* Supporting Files */ = {
			isa = PBXGroup;
			children = (
				D2AA3BB31AC95B320020F803 /* Info.plist */,
				D2AA3BB71AC95B320020F803 /* main.m */,
			);
			name = "Supporting Files";
			sourceTree = "<group>";
		};
		D2AA3BC51AC95B320020F803 /* CLColorPicker_exampleTests */ = {
			isa = PBXGroup;
			children = (
				D2AA3BC81AC95B320020F803 /* CLColorPicker_exampleTests.m */,
				D2AA3BC61AC95B320020F803 /* Supporting Files */,
			);
			path = CLColorPicker_exampleTests;
			sourceTree = "<group>";
		};
		D2AA3BC61AC95B320020F803 /* Supporting Files */ = {
			isa = PBXGroup;
			children = (
				D2AA3BC71AC95B320020F803 /* Info.plist */,
			);
			name = "Supporting Files";
			sourceTree = "<group>";
		};
		D2AA3BD21AC95B6C0020F803 /* CLColorPicker */ = {
			isa = PBXGroup;
			children = (
				D2AA3BD31AC95B6C0020F803 /* CLColorControllerPopove.h */,
				D2AA3BD41AC95B6C0020F803 /* CLColorControllerPopove.m */,
				D2AA3BD51AC95B6C0020F803 /* CLColorControllerPopove.xib */,
				D2AA3BD61AC95B6C0020F803 /* CLColorPicker.h */,
				D2AA3BD71AC95B6C0020F803 /* CLColorPicker.m */,
				D2AA3BD81AC95B6C0020F803 /* CLColorPickerSegmentedCell.h */,
				D2AA3BD91AC95B6C0020F803 /* CLColorPickerSegmentedCell.m */,
				D2AA3BDA1AC95B6C0020F803 /* CLColorPickerSegmentedControl.h */,
				D2AA3BDB1AC95B6C0020F803 /* CLColorPickerSegmentedControl.m */,
			);
			path = CLColorPicker;
			sourceTree = SOURCE_ROOT;
		};
/* End PBXGroup section */

/* Begin PBXNativeTarget section */
		D2AA3BAE1AC95B320020F803 /* CLColorPicker_example */ = {
			isa = PBXNativeTarget;
			buildConfigurationList = D2AA3BCC1AC95B320020F803 /* Build configuration list for PBXNativeTarget "CLColorPicker_example" */;
			buildPhases = (
				D2AA3BAB1AC95B320020F803 /* Sources */,
				D2AA3BAC1AC95B320020F803 /* Frameworks */,
				D2AA3BAD1AC95B320020F803 /* Resources */,
			);
			buildRules = (
			);
			dependencies = (
			);
			name = CLColorPicker_example;
			productName = CLColorPicker_example;
			productReference = D2AA3BAF1AC95B320020F803 /* CLColorPicker_example.app */;
			productType = "com.apple.product-type.application";
		};
		D2AA3BC11AC95B320020F803 /* CLColorPicker_exampleTests */ = {
			isa = PBXNativeTarget;
			buildConfigurationList = D2AA3BCF1AC95B320020F803 /* Build configuration list for PBXNativeTarget "CLColorPicker_exampleTests" */;
			buildPhases = (
				D2AA3BBE1AC95B320020F803 /* Sources */,
				D2AA3BBF1AC95B320020F803 /* Frameworks */,
				D2AA3BC01AC95B320020F803 /* Resources */,
			);
			buildRules = (
			);
			dependencies = (
				D2AA3BC41AC95B320020F803 /* PBXTargetDependency */,
			);
			name = CLColorPicker_exampleTests;
			productName = CLColorPicker_exampleTests;
			productReference = D2AA3BC21AC95B320020F803 /* CLColorPicker_exampleTests.xctest */;
			productType = "com.apple.product-type.bundle.unit-test";
		};
/* End PBXNativeTarget section */

/* Begin PBXProject section */
		D2AA3BA71AC95B320020F803 /* Project object */ = {
			isa = PBXProject;
			attributes = {
				LastUpgradeCheck = 0620;
				ORGANIZATIONNAME = "Volodymyr Boichentsov";
				TargetAttributes = {
					D2AA3BAE1AC95B320020F803 = {
						CreatedOnToolsVersion = 6.2;
					};
					D2AA3BC11AC95B320020F803 = {
						CreatedOnToolsVersion = 6.2;
						TestTargetID = D2AA3BAE1AC95B320020F803;
					};
				};
			};
			buildConfigurationList = D2AA3BAA1AC95B320020F803 /* Build configuration list for PBXProject "CLColorPicker_example" */;
			compatibilityVersion = "Xcode 3.2";
			developmentRegion = English;
			hasScannedForEncodings = 0;
			knownRegions = (
				en,
				Base,
			);
			mainGroup = D2AA3BA61AC95B320020F803;
			productRefGroup = D2AA3BB01AC95B320020F803 /* Products */;
			projectDirPath = "";
			projectRoot = "";
			targets = (
				D2AA3BAE1AC95B320020F803 /* CLColorPicker_example */,
				D2AA3BC11AC95B320020F803 /* CLColorPicker_exampleTests */,
			);
		};
/* End PBXProject section */

/* Begin PBXResourcesBuildPhase section */
		D2AA3BAD1AC95B320020F803 /* Resources */ = {
			isa = PBXResourcesBuildPhase;
			buildActionMask = 2147483647;
			files = (
				D2AA3BBA1AC95B320020F803 /* Images.xcassets in Resources */,
				D2AA3BDD1AC95B6C0020F803 /* CLColorControllerPopove.xib in Resources */,
				D2AA3BBD1AC95B320020F803 /* MainMenu.xib in Resources */,
			);
			runOnlyForDeploymentPostprocessing = 0;
		};
		D2AA3BC01AC95B320020F803 /* Resources */ = {
			isa = PBXResourcesBuildPhase;
			buildActionMask = 2147483647;
			files = (
			);
			runOnlyForDeploymentPostprocessing = 0;
		};
/* End PBXResourcesBuildPhase section */

/* Begin PBXSourcesBuildPhase section */
		D2AA3BAB1AC95B320020F803 /* Sources */ = {
			isa = PBXSourcesBuildPhase;
			buildActionMask = 2147483647;
			files = (
				D2AA3BDC1AC95B6C0020F803 /* CLColorControllerPopove.m in Sources */,
				D2AA3BB81AC95B320020F803 /* main.m in Sources */,
				D2AA3BDF1AC95B6C0020F803 /* CLColorPickerSegmentedCell.m in Sources */,
				D2AA3BE01AC95B6C0020F803 /* CLColorPickerSegmentedControl.m in Sources */,
				D2AA3BDE1AC95B6C0020F803 /* CLColorPicker.m in Sources */,
				D2AA3BE51AC95B890020F803 /* NSColor+ColorExtensions.m in Sources */,
				D2AA3BB61AC95B320020F803 /* AppDelegate.m in Sources */,
			);
			runOnlyForDeploymentPostprocessing = 0;
		};
		D2AA3BBE1AC95B320020F803 /* Sources */ = {
			isa = PBXSourcesBuildPhase;
			buildActionMask = 2147483647;
			files = (
				D2AA3BC91AC95B320020F803 /* CLColorPicker_exampleTests.m in Sources */,
			);
			runOnlyForDeploymentPostprocessing = 0;
		};
/* End PBXSourcesBuildPhase section */

/* Begin PBXTargetDependency section */
		D2AA3BC41AC95B320020F803 /* PBXTargetDependency */ = {
			isa = PBXTargetDependency;
			target = D2AA3BAE1AC95B320020F803 /* CLColorPicker_example */;
			targetProxy = D2AA3BC31AC95B320020F803 /* PBXContainerItemProxy */;
		};
/* End PBXTargetDependency section */

/* Begin PBXVariantGroup section */
		D2AA3BBB1AC95B320020F803 /* MainMenu.xib */ = {
			isa = PBXVariantGroup;
			children = (
				D2AA3BBC1AC95B320020F803 /* Base */,
			);
			name = MainMenu.xib;
			sourceTree = "<group>";
		};
/* End PBXVariantGroup section */

/* Begin XCBuildConfiguration section */
		D2AA3BCA1AC95B320020F803 /* Debug */ = {
			isa = XCBuildConfiguration;
			buildSettings = {
				ALWAYS_SEARCH_USER_PATHS = NO;
				CLANG_CXX_LANGUAGE_STANDARD = "gnu++0x";
				CLANG_CXX_LIBRARY = "libc++";
				CLANG_ENABLE_MODULES = YES;
				CLANG_ENABLE_OBJC_ARC = YES;
				CLANG_WARN_BOOL_CONVERSION = YES;
				CLANG_WARN_CONSTANT_CONVERSION = YES;
				CLANG_WARN_DIRECT_OBJC_ISA_USAGE = YES_ERROR;
				CLANG_WARN_EMPTY_BODY = YES;
				CLANG_WARN_ENUM_CONVERSION = YES;
				CLANG_WARN_INT_CONVERSION = YES;
				CLANG_WARN_OBJC_ROOT_CLASS = YES_ERROR;
				CLANG_WARN_UNREACHABLE_CODE = YES;
				CLANG_WARN__DUPLICATE_METHOD_MATCH = YES;
				CODE_SIGN_IDENTITY = "-";
				COPY_PHASE_STRIP = NO;
				ENABLE_STRICT_OBJC_MSGSEND = YES;
				GCC_C_LANGUAGE_STANDARD = gnu99;
				GCC_DYNAMIC_NO_PIC = NO;
				GCC_OPTIMIZATION_LEVEL = 0;
				GCC_PREPROCESSOR_DEFINITIONS = (
					"DEBUG=1",
					"$(inherited)",
				);
				GCC_SYMBOLS_PRIVATE_EXTERN = NO;
				GCC_WARN_64_TO_32_BIT_CONVERSION = YES;
				GCC_WARN_ABOUT_RETURN_TYPE = YES_ERROR;
				GCC_WARN_UNDECLARED_SELECTOR = YES;
				GCC_WARN_UNINITIALIZED_AUTOS = YES_AGGRESSIVE;
				GCC_WARN_UNUSED_FUNCTION = YES;
				GCC_WARN_UNUSED_VARIABLE = YES;
				MACOSX_DEPLOYMENT_TARGET = 10.10;
				MTL_ENABLE_DEBUG_INFO = YES;
				ONLY_ACTIVE_ARCH = YES;
				SDKROOT = macosx;
			};
			name = Debug;
		};
		D2AA3BCB1AC95B320020F803 /* Release */ = {
			isa = XCBuildConfiguration;
			buildSettings = {
				ALWAYS_SEARCH_USER_PATHS = NO;
				CLANG_CXX_LANGUAGE_STANDARD = "gnu++0x";
				CLANG_CXX_LIBRARY = "libc++";
				CLANG_ENABLE_MODULES = YES;
				CLANG_ENABLE_OBJC_ARC = YES;
				CLANG_WARN_BOOL_CONVERSION = YES;
				CLANG_WARN_CONSTANT_CONVERSION = YES;
				CLANG_WARN_DIRECT_OBJC_ISA_USAGE = YES_ERROR;
				CLANG_WARN_EMPTY_BODY = YES;
				CLANG_WARN_ENUM_CONVERSION = YES;
				CLANG_WARN_INT_CONVERSION = YES;
				CLANG_WARN_OBJC_ROOT_CLASS = YES_ERROR;
				CLANG_WARN_UNREACHABLE_CODE = YES;
				CLANG_WARN__DUPLICATE_METHOD_MATCH = YES;
				CODE_SIGN_IDENTITY = "-";
				COPY_PHASE_STRIP = NO;
				DEBUG_INFORMATION_FORMAT = "dwarf-with-dsym";
				ENABLE_NS_ASSERTIONS = NO;
				ENABLE_STRICT_OBJC_MSGSEND = YES;
				GCC_C_LANGUAGE_STANDARD = gnu99;
				GCC_WARN_64_TO_32_BIT_CONVERSION = YES;
				GCC_WARN_ABOUT_RETURN_TYPE = YES_ERROR;
				GCC_WARN_UNDECLARED_SELECTOR = YES;
				GCC_WARN_UNINITIALIZED_AUTOS = YES_AGGRESSIVE;
				GCC_WARN_UNUSED_FUNCTION = YES;
				GCC_WARN_UNUSED_VARIABLE = YES;
				MACOSX_DEPLOYMENT_TARGET = 10.10;
				MTL_ENABLE_DEBUG_INFO = NO;
				SDKROOT = macosx;
			};
			name = Release;
		};
		D2AA3BCD1AC95B320020F803 /* Debug */ = {
			isa = XCBuildConfiguration;
			buildSettings = {
				ASSETCATALOG_COMPILER_APPICON_NAME = AppIcon;
				COMBINE_HIDPI_IMAGES = YES;
				INFOPLIST_FILE = CLColorPicker_example/Info.plist;
				LD_RUNPATH_SEARCH_PATHS = "$(inherited) @executable_path/../Frameworks";
				MACOSX_DEPLOYMENT_TARGET = 10.10;
				PRODUCT_NAME = "$(TARGET_NAME)";
			};
			name = Debug;
		};
		D2AA3BCE1AC95B320020F803 /* Release */ = {
			isa = XCBuildConfiguration;
			buildSettings = {
				ASSETCATALOG_COMPILER_APPICON_NAME = AppIcon;
				COMBINE_HIDPI_IMAGES = YES;
				INFOPLIST_FILE = CLColorPicker_example/Info.plist;
				LD_RUNPATH_SEARCH_PATHS = "$(inherited) @executable_path/../Frameworks";
				MACOSX_DEPLOYMENT_TARGET = 10.10;
				PRODUCT_NAME = "$(TARGET_NAME)";
			};
			name = Release;
		};
		D2AA3BD01AC95B320020F803 /* Debug */ = {
			isa = XCBuildConfiguration;
			buildSettings = {
				BUNDLE_LOADER = "$(TEST_HOST)";
				COMBINE_HIDPI_IMAGES = YES;
				FRAMEWORK_SEARCH_PATHS = (
					"$(DEVELOPER_FRAMEWORKS_DIR)",
					"$(inherited)",
				);
				GCC_PREPROCESSOR_DEFINITIONS = (
					"DEBUG=1",
					"$(inherited)",
				);
				INFOPLIST_FILE = CLColorPicker_exampleTests/Info.plist;
				LD_RUNPATH_SEARCH_PATHS = "$(inherited) @executable_path/../Frameworks @loader_path/../Frameworks";
				PRODUCT_NAME = "$(TARGET_NAME)";
				TEST_HOST = "$(BUILT_PRODUCTS_DIR)/CLColorPicker_example.app/Contents/MacOS/CLColorPicker_example";
			};
			name = Debug;
		};
		D2AA3BD11AC95B320020F803 /* Release */ = {
			isa = XCBuildConfiguration;
			buildSettings = {
				BUNDLE_LOADER = "$(TEST_HOST)";
				COMBINE_HIDPI_IMAGES = YES;
				FRAMEWORK_SEARCH_PATHS = (
					"$(DEVELOPER_FRAMEWORKS_DIR)",
					"$(inherited)",
				);
				INFOPLIST_FILE = CLColorPicker_exampleTests/Info.plist;
				LD_RUNPATH_SEARCH_PATHS = "$(inherited) @executable_path/../Frameworks @loader_path/../Frameworks";
				PRODUCT_NAME = "$(TARGET_NAME)";
				TEST_HOST = "$(BUILT_PRODUCTS_DIR)/CLColorPicker_example.app/Contents/MacOS/CLColorPicker_example";
			};
			name = Release;
		};
/* End XCBuildConfiguration section */

/* Begin XCConfigurationList section */
		D2AA3BAA1AC95B320020F803 /* Build configuration list for PBXProject "CLColorPicker_example" */ = {
			isa = XCConfigurationList;
			buildConfigurations = (
				D2AA3BCA1AC95B320020F803 /* Debug */,
				D2AA3BCB1AC95B320020F803 /* Release */,
			);
			defaultConfigurationIsVisible = 0;
			defaultConfigurationName = Release;
		};
		D2AA3BCC1AC95B320020F803 /* Build configuration list for PBXNativeTarget "CLColorPicker_example" */ = {
			isa = XCConfigurationList;
			buildConfigurations = (
				D2AA3BCD1AC95B320020F803 /* Debug */,
				D2AA3BCE1AC95B320020F803 /* Release */,
			);
			defaultConfigurationIsVisible = 0;
			defaultConfigurationName = Release;
		};
		D2AA3BCF1AC95B320020F803 /* Build configuration list for PBXNativeTarget "CLColorPicker_exampleTests" */ = {
			isa = XCConfigurationList;
			buildConfigurations = (
				D2AA3BD01AC95B320020F803 /* Debug */,
				D2AA3BD11AC95B320020F803 /* Release */,
			);
			defaultConfigurationIsVisible = 0;
			defaultConfigurationName = Release;
		};
/* End XCConfigurationList section */
	};
	rootObject = D2AA3BA71AC95B320020F803 /* Project object */;
}
