// !$*UTF8*$!
{
	archiveVersion = 1;
	classes = {
	};
	objectVersion = 46;
	objects = {

/* Begin PBXBuildFile section */
		D2AA3B721AC93B790020F803 /* AppDelegate.m in Sources */ = {isa = PBXBuildFile; fileRef = D2AA3B711AC93B790020F803 /* AppDelegate.m */; };
		D2AA3B741AC93B790020F803 /* main.m in Sources */ = {isa = PBXBuildFile; fileRef = D2AA3B731AC93B790020F803 /* main.m */; };
		D2AA3B771AC93B790020F803 /* ViewController.m in Sources */ = {isa = PBXBuildFile; fileRef = D2AA3B761AC93B790020F803 /* ViewController.m */; };
		D2AA3B791AC93B790020F803 /* Images.xcassets in Resources */ = {isa = PBXBuildFile; fileRef = D2AA3B781AC93B790020F803 /* Images.xcassets */; };
		D2AA3B7C1AC93B790020F803 /* Main.storyboard in Resources */ = {isa = PBXBuildFile; fileRef = D2AA3B7A1AC93B790020F803 /* Main.storyboard */; };
		D2AA3B881AC93B790020F803 /* CLColorPicker_exampleTests.m in Sources */ = {isa = PBXBuildFile; fileRef = D2AA3B871AC93B790020F803 /* CLColorPicker_exampleTests.m */; };
/* End PBXBuildFile section */

/* Begin PBXContainerItemProxy section */
		D2AA3B821AC93B790020F803 /* PBXContainerItemProxy */ = {
			isa = PBXContainerItemProxy;
			containerPortal = D2AA3B631AC93B790020F803 /* Project object */;
			proxyType = 1;
			remoteGlobalIDString = D2AA3B6A1AC93B790020F803;
			remoteInfo = CLColorPicker_example;
		};
/* End PBXContainerItemProxy section */

/* Begin PBXFileReference section */
		D2AA3B6B1AC93B790020F803 /* CLColorPicker_example.app */ = {isa = PBXFileReference; explicitFileType = wrapper.application; includeInIndex = 0; path = CLColorPicker_example.app; sourceTree = BUILT_PRODUCTS_DIR; };
		D2AA3B6F1AC93B790020F803 /* Info.plist */ = {isa = PBXFileReference; lastKnownFileType = text.plist.xml; path = Info.plist; sourceTree = "<group>"; };
		D2AA3B701AC93B790020F803 /* AppDelegate.h */ = {isa = PBXFileReference; lastKnownFileType = sourcecode.c.h; path = AppDelegate.h; sourceTree = "<group>"; };
		D2AA3B711AC93B790020F803 /* AppDelegate.m */ = {isa = PBXFileReference; lastKnownFileType = sourcecode.c.objc; path = AppDelegate.m; sourceTree = "<group>"; };
		D2AA3B731AC93B790020F803 /* main.m */ = {isa = PBXFileReference; lastKnownFileType = sourcecode.c.objc; path = main.m; sourceTree = "<group>"; };
		D2AA3B751AC93B790020F803 /* ViewController.h */ = {isa = PBXFileReference; lastKnownFileType = sourcecode.c.h; path = ViewController.h; sourceTree = "<group>"; };
		D2AA3B761AC93B790020F803 /* ViewController.m */ = {isa = PBXFileReference; lastKnownFileType = sourcecode.c.objc; path = ViewController.m; sourceTree = "<group>"; };
		D2AA3B781AC93B790020F803 /* Images.xcassets */ = {isa = PBXFileReference; lastKnownFileType = folder.assetcatalog; path = Images.xcassets; sourceTree = "<group>"; };
		D2AA3B7B1AC93B790020F803 /* Base */ = {isa = PBXFileReference; lastKnownFileType = file.storyboard; name = Base; path = Base.lproj/Main.storyboard; sourceTree = "<group>"; };
		D2AA3B811AC93B790020F803 /* CLColorPicker_exampleTests.xctest */ = {isa = PBXFileReference; explicitFileType = wrapper.cfbundle; includeInIndex = 0; path = CLColorPicker_exampleTests.xctest; sourceTree = BUILT_PRODUCTS_DIR; };
		D2AA3B861AC93B790020F803 /* Info.plist */ = {isa = PBXFileReference; lastKnownFileType = text.plist.xml; path = Info.plist; sourceTree = "<group>"; };
		D2AA3B871AC93B790020F803 /* CLColorPicker_exampleTests.m */ = {isa = PBXFileReference; lastKnownFileType = sourcecode.c.objc; path = CLColorPicker_exampleTests.m; sourceTree = "<group>"; };
/* End PBXFileReference section */

/* Begin PBXFrameworksBuildPhase section */
		D2AA3B681AC93B790020F803 /* Frameworks */ = {
			isa = PBXFrameworksBuildPhase;
			buildActionMask = 2147483647;
			files = (
			);
			runOnlyForDeploymentPostprocessing = 0;
		};
		D2AA3B7E1AC93B790020F803 /* Frameworks */ = {
			isa = PBXFrameworksBuildPhase;
			buildActionMask = 2147483647;
			files = (
			);
			runOnlyForDeploymentPostprocessing = 0;
		};
/* End PBXFrameworksBuildPhase section */

/* Begin PBXGroup section */
		D2AA3B621AC93B790020F803 = {
			isa = PBXGroup;
			children = (
				D2AA3B6D1AC93B790020F803 /* CLColorPicker_example */,
				D2AA3B841AC93B790020F803 /* CLColorPicker_exampleTests */,
				D2AA3B6C1AC93B790020F803 /* Products */,
			);
			sourceTree = "<group>";
		};
		D2AA3B6C1AC93B790020F803 /* Products */ = {
			isa = PBXGroup;
			children = (
				D2AA3B6B1AC93B790020F803 /* CLColorPicker_example.app */,
				D2AA3B811AC93B790020F803 /* CLColorPicker_exampleTests.xctest */,
			);
			name = Products;
			sourceTree = "<group>";
		};
		D2AA3B6D1AC93B790020F803 /* CLColorPicker_example */ = {
			isa = PBXGroup;
			children = (
				D2AA3B701AC93B790020F803 /* AppDelegate.h */,
				D2AA3B711AC93B790020F803 /* AppDelegate.m */,
				D2AA3B751AC93B790020F803 /* ViewController.h */,
				D2AA3B761AC93B790020F803 /* ViewController.m */,
				D2AA3B781AC93B790020F803 /* Images.xcassets */,
				D2AA3B7A1AC93B790020F803 /* Main.storyboard */,
				D2AA3B6E1AC93B790020F803 /* Supporting Files */,
			);
			path = CLColorPicker_example;
			sourceTree = "<group>";
		};
		D2AA3B6E1AC93B790020F803 /* Supporting Files */ = {
			isa = PBXGroup;
			children = (
				D2AA3B6F1AC93B790020F803 /* Info.plist */,
				D2AA3B731AC93B790020F803 /* main.m */,
			);
			name = "Supporting Files";
			sourceTree = "<group>";
		};
		D2AA3B841AC93B790020F803 /* CLColorPicker_exampleTests */ = {
			isa = PBXGroup;
			children = (
				D2AA3B871AC93B790020F803 /* CLColorPicker_exampleTests.m */,
				D2AA3B851AC93B790020F803 /* Supporting Files */,
			);
			path = CLColorPicker_exampleTests;
			sourceTree = "<group>";
		};
		D2AA3B851AC93B790020F803 /* Supporting Files */ = {
			isa = PBXGroup;
			children = (
				D2AA3B861AC93B790020F803 /* Info.plist */,
			);
			name = "Supporting Files";
			sourceTree = "<group>";
		};
/* End PBXGroup section */

/* Begin PBXNativeTarget section */
		D2AA3B6A1AC93B790020F803 /* CLColorPicker_example */ = {
			isa = PBXNativeTarget;
			buildConfigurationList = D2AA3B8B1AC93B790020F803 /* Build configuration list for PBXNativeTarget "CLColorPicker_example" */;
			buildPhases = (
				D2AA3B671AC93B790020F803 /* Sources */,
				D2AA3B681AC93B790020F803 /* Frameworks */,
				D2AA3B691AC93B790020F803 /* Resources */,
			);
			buildRules = (
			);
			dependencies = (
			);
			name = CLColorPicker_example;
			productName = CLColorPicker_example;
			productReference = D2AA3B6B1AC93B790020F803 /* CLColorPicker_example.app */;
			productType = "com.apple.product-type.application";
		};
		D2AA3B801AC93B790020F803 /* CLColorPicker_exampleTests */ = {
			isa = PBXNativeTarget;
			buildConfigurationList = D2AA3B8E1AC93B790020F803 /* Build configuration list for PBXNativeTarget "CLColorPicker_exampleTests" */;
			buildPhases = (
				D2AA3B7D1AC93B790020F803 /* Sources */,
				D2AA3B7E1AC93B790020F803 /* Frameworks */,
				D2AA3B7F1AC93B790020F803 /* Resources */,
			);
			buildRules = (
			);
			dependencies = (
				D2AA3B831AC93B790020F803 /* PBXTargetDependency */,
			);
			name = CLColorPicker_exampleTests;
			productName = CLColorPicker_exampleTests;
			productReference = D2AA3B811AC93B790020F803 /* CLColorPicker_exampleTests.xctest */;
			productType = "com.apple.product-type.bundle.unit-test";
		};
/* End PBXNativeTarget section */

/* Begin PBXProject section */
		D2AA3B631AC93B790020F803 /* Project object */ = {
			isa = PBXProject;
			attributes = {
				LastUpgradeCheck = 0620;
				ORGANIZATIONNAME = "Volodymyr Boichentsov";
				TargetAttributes = {
					D2AA3B6A1AC93B790020F803 = {
						CreatedOnToolsVersion = 6.2;
					};
					D2AA3B801AC93B790020F803 = {
						CreatedOnToolsVersion = 6.2;
						TestTargetID = D2AA3B6A1AC93B790020F803;
					};
				};
			};
			buildConfigurationList = D2AA3B661AC93B790020F803 /* Build configuration list for PBXProject "CLColorPicker_example" */;
			compatibilityVersion = "Xcode 3.2";
			developmentRegion = English;
			hasScannedForEncodings = 0;
			knownRegions = (
				en,
				Base,
			);
			mainGroup = D2AA3B621AC93B790020F803;
			productRefGroup = D2AA3B6C1AC93B790020F803 /* Products */;
			projectDirPath = "";
			projectRoot = "";
			targets = (
				D2AA3B6A1AC93B790020F803 /* CLColorPicker_example */,
				D2AA3B801AC93B790020F803 /* CLColorPicker_exampleTests */,
			);
		};
/* End PBXProject section */

/* Begin PBXResourcesBuildPhase section */
		D2AA3B691AC93B790020F803 /* Resources */ = {
			isa = PBXResourcesBuildPhase;
			buildActionMask = 2147483647;
			files = (
				D2AA3B791AC93B790020F803 /* Images.xcassets in Resources */,
				D2AA3B7C1AC93B790020F803 /* Main.storyboard in Resources */,
			);
			runOnlyForDeploymentPostprocessing = 0;
		};
		D2AA3B7F1AC93B790020F803 /* Resources */ = {
			isa = PBXResourcesBuildPhase;
			buildActionMask = 2147483647;
			files = (
			);
			runOnlyForDeploymentPostprocessing = 0;
		};
/* End PBXResourcesBuildPhase section */

/* Begin PBXSourcesBuildPhase section */
		D2AA3B671AC93B790020F803 /* Sources */ = {
			isa = PBXSourcesBuildPhase;
			buildActionMask = 2147483647;
			files = (
				D2AA3B771AC93B790020F803 /* ViewController.m in Sources */,
				D2AA3B741AC93B790020F803 /* main.m in Sources */,
				D2AA3B721AC93B790020F803 /* AppDelegate.m in Sources */,
			);
			runOnlyForDeploymentPostprocessing = 0;
		};
		D2AA3B7D1AC93B790020F803 /* Sources */ = {
			isa = PBXSourcesBuildPhase;
			buildActionMask = 2147483647;
			files = (
				D2AA3B881AC93B790020F803 /* CLColorPicker_exampleTests.m in Sources */,
			);
			runOnlyForDeploymentPostprocessing = 0;
		};
/* End PBXSourcesBuildPhase section */

/* Begin PBXTargetDependency section */
		D2AA3B831AC93B790020F803 /* PBXTargetDependency */ = {
			isa = PBXTargetDependency;
			target = D2AA3B6A1AC93B790020F803 /* CLColorPicker_example */;
			targetProxy = D2AA3B821AC93B790020F803 /* PBXContainerItemProxy */;
		};
/* End PBXTargetDependency section */

/* Begin PBXVariantGroup section */
		D2AA3B7A1AC93B790020F803 /* Main.storyboard */ = {
			isa = PBXVariantGroup;
			children = (
				D2AA3B7B1AC93B790020F803 /* Base */,
			);
			name = Main.storyboard;
			sourceTree = "<group>";
		};
/* End PBXVariantGroup section */

/* Begin XCBuildConfiguration section */
		D2AA3B891AC93B790020F803 /* Debug */ = {
			isa = XCBuildConfiguration;
			buildSettings = {
				ALWAYS_SEARCH_USER_PATHS = NO;
				CLANG_CXX_LANGUAGE_STANDARD = "gnu++0x";
				CLANG_CXX_LIBRARY = "libc++";
				CLANG_ENABLE_MODULES = YES;
				CLANG_ENABLE_OBJC_ARC = YES;
				CLANG_WARN_BOOL_CONVERSION = YES;
				CLANG_WARN_CONSTANT_CONVERSION = YES;
				CLANG_WARN_DIRECT_OBJC_ISA_USAGE = YES_ERROR;
				CLANG_WARN_EMPTY_BODY = YES;
				CLANG_WARN_ENUM_CONVERSION = YES;
				CLANG_WARN_INT_CONVERSION = YES;
				CLANG_WARN_OBJC_ROOT_CLASS = YES_ERROR;
				CLANG_WARN_UNREACHABLE_CODE = YES;
				CLANG_WARN__DUPLICATE_METHOD_MATCH = YES;
				CODE_SIGN_IDENTITY = "-";
				COPY_PHASE_STRIP = NO;
				ENABLE_STRICT_OBJC_MSGSEND = YES;
				GCC_C_LANGUAGE_STANDARD = gnu99;
				GCC_DYNAMIC_NO_PIC = NO;
				GCC_OPTIMIZATION_LEVEL = 0;
				GCC_PREPROCESSOR_DEFINITIONS = (
					"DEBUG=1",
					"$(inherited)",
				);
				GCC_SYMBOLS_PRIVATE_EXTERN = NO;
				GCC_WARN_64_TO_32_BIT_CONVERSION = YES;
				GCC_WARN_ABOUT_RETURN_TYPE = YES_ERROR;
				GCC_WARN_UNDECLARED_SELECTOR = YES;
				GCC_WARN_UNINITIALIZED_AUTOS = YES_AGGRESSIVE;
				GCC_WARN_UNUSED_FUNCTION = YES;
				GCC_WARN_UNUSED_VARIABLE = YES;
				MACOSX_DEPLOYMENT_TARGET = 10.10;
				MTL_ENABLE_DEBUG_INFO = YES;
				ONLY_ACTIVE_ARCH = YES;
				SDKROOT = macosx;
			};
			name = Debug;
		};
		D2AA3B8A1AC93B790020F803 /* Release */ = {
			isa = XCBuildConfiguration;
			buildSettings = {
				ALWAYS_SEARCH_USER_PATHS = NO;
				CLANG_CXX_LANGUAGE_STANDARD = "gnu++0x";
				CLANG_CXX_LIBRARY = "libc++";
				CLANG_ENABLE_MODULES = YES;
				CLANG_ENABLE_OBJC_ARC = YES;
				CLANG_WARN_BOOL_CONVERSION = YES;
				CLANG_WARN_CONSTANT_CONVERSION = YES;
				CLANG_WARN_DIRECT_OBJC_ISA_USAGE = YES_ERROR;
				CLANG_WARN_EMPTY_BODY = YES;
				CLANG_WARN_ENUM_CONVERSION = YES;
				CLANG_WARN_INT_CONVERSION = YES;
				CLANG_WARN_OBJC_ROOT_CLASS = YES_ERROR;
				CLANG_WARN_UNREACHABLE_CODE = YES;
				CLANG_WARN__DUPLICATE_METHOD_MATCH = YES;
				CODE_SIGN_IDENTITY = "-";
				COPY_PHASE_STRIP = NO;
				DEBUG_INFORMATION_FORMAT = "dwarf-with-dsym";
				ENABLE_NS_ASSERTIONS = NO;
				ENABLE_STRICT_OBJC_MSGSEND = YES;
				GCC_C_LANGUAGE_STANDARD = gnu99;
				GCC_WARN_64_TO_32_BIT_CONVERSION = YES;
				GCC_WARN_ABOUT_RETURN_TYPE = YES_ERROR;
				GCC_WARN_UNDECLARED_SELECTOR = YES;
				GCC_WARN_UNINITIALIZED_AUTOS = YES_AGGRESSIVE;
				GCC_WARN_UNUSED_FUNCTION = YES;
				GCC_WARN_UNUSED_VARIABLE = YES;
				MACOSX_DEPLOYMENT_TARGET = 10.10;
				MTL_ENABLE_DEBUG_INFO = NO;
				SDKROOT = macosx;
			};
			name = Release;
		};
		D2AA3B8C1AC93B790020F803 /* Debug */ = {
			isa = XCBuildConfiguration;
			buildSettings = {
				ASSETCATALOG_COMPILER_APPICON_NAME = AppIcon;
				COMBINE_HIDPI_IMAGES = YES;
				INFOPLIST_FILE = CLColorPicker_example/Info.plist;
				LD_RUNPATH_SEARCH_PATHS = "$(inherited) @executable_path/../Frameworks";
				PRODUCT_NAME = "$(TARGET_NAME)";
			};
			name = Debug;
		};
		D2AA3B8D1AC93B790020F803 /* Release */ = {
			isa = XCBuildConfiguration;
			buildSettings = {
				ASSETCATALOG_COMPILER_APPICON_NAME = AppIcon;
				COMBINE_HIDPI_IMAGES = YES;
				INFOPLIST_FILE = CLColorPicker_example/Info.plist;
				LD_RUNPATH_SEARCH_PATHS = "$(inherited) @executable_path/../Frameworks";
				PRODUCT_NAME = "$(TARGET_NAME)";
			};
			name = Release;
		};
		D2AA3B8F1AC93B790020F803 /* Debug */ = {
			isa = XCBuildConfiguration;
			buildSettings = {
				BUNDLE_LOADER = "$(TEST_HOST)";
				COMBINE_HIDPI_IMAGES = YES;
				FRAMEWORK_SEARCH_PATHS = (
					"$(DEVELOPER_FRAMEWORKS_DIR)",
					"$(inherited)",
				);
				GCC_PREPROCESSOR_DEFINITIONS = (
					"DEBUG=1",
					"$(inherited)",
				);
				INFOPLIST_FILE = CLColorPicker_exampleTests/Info.plist;
				LD_RUNPATH_SEARCH_PATHS = "$(inherited) @executable_path/../Frameworks @loader_path/../Frameworks";
				PRODUCT_NAME = "$(TARGET_NAME)";
				TEST_HOST = "$(BUILT_PRODUCTS_DIR)/CLColorPicker_example.app/Contents/MacOS/CLColorPicker_example";
			};
			name = Debug;
		};
		D2AA3B901AC93B790020F803 /* Release */ = {
			isa = XCBuildConfiguration;
			buildSettings = {
				BUNDLE_LOADER = "$(TEST_HOST)";
				COMBINE_HIDPI_IMAGES = YES;
				FRAMEWORK_SEARCH_PATHS = (
					"$(DEVELOPER_FRAMEWORKS_DIR)",
					"$(inherited)",
				);
				INFOPLIST_FILE = CLColorPicker_exampleTests/Info.plist;
				LD_RUNPATH_SEARCH_PATHS = "$(inherited) @executable_path/../Frameworks @loader_path/../Frameworks";
				PRODUCT_NAME = "$(TARGET_NAME)";
				TEST_HOST = "$(BUILT_PRODUCTS_DIR)/CLColorPicker_example.app/Contents/MacOS/CLColorPicker_example";
			};
			name = Release;
		};
/* End XCBuildConfiguration section */

/* Begin XCConfigurationList section */
		D2AA3B661AC93B790020F803 /* Build configuration list for PBXProject "CLColorPicker_example" */ = {
			isa = XCConfigurationList;
			buildConfigurations = (
				D2AA3B891AC93B790020F803 /* Debug */,
				D2AA3B8A1AC93B790020F803 /* Release */,
			);
			defaultConfigurationIsVisible = 0;
			defaultConfigurationName = Release;
		};
		D2AA3B8B1AC93B790020F803 /* Build configuration list for PBXNativeTarget "CLColorPicker_example" */ = {
			isa = XCConfigurationList;
			buildConfigurations = (
				D2AA3B8C1AC93B790020F803 /* Debug */,
				D2AA3B8D1AC93B790020F803 /* Release */,
			);
			defaultConfigurationIsVisible = 0;
		};
		D2AA3B8E1AC93B790020F803 /* Build configuration list for PBXNativeTarget "CLColorPicker_exampleTests" */ = {
			isa = XCConfigurationList;
			buildConfigurations = (
				D2AA3B8F1AC93B790020F803 /* Debug */,
				D2AA3B901AC93B790020F803 /* Release */,
			);
			defaultConfigurationIsVisible = 0;
		};
/* End XCConfigurationList section */
	};
	rootObject = D2AA3B631AC93B790020F803 /* Project object */;
}
